
Microsoft Visual Studio Solution File, Format Version 12.00
# Visual Studio Version 17
VisualStudioVersion = 17.1.32319.34
MinimumVisualStudioVersion = 10.0.40219.1
Project("{9A19103F-16F7-4668-BE54-9A1E7A4F7556}") = "Giny.Core", "Giny.Core\Giny.Core.csproj", "{E04A7EB4-7FCE-4D20-9A8C-305DC1006DAF}"
EndProject
Project("{9A19103F-16F7-4668-BE54-9A1E7A4F7556}") = "Giny.Protocol", "Giny.Protocol\Giny.Protocol.csproj", "{2D2BAF38-D2DD-4DC9-B6E0-2021B3ACF19D}"
EndProject
Project("{9A19103F-16F7-4668-BE54-9A1E7A4F7556}") = "Giny.ORM", "Giny.ORM\Giny.ORM.csproj", "{ADA5BA74-57DB-4225-94B2-16620D40144E}"
EndProject
Project("{2150E333-8FDC-42A3-9474-1A3956D46DE8}") = "Servers", "Servers", "{7764E3CE-B37E-4C98-80BF-622A0BBBAC85}"
EndProject
Project("{9A19103F-16F7-4668-BE54-9A1E7A4F7556}") = "Giny.IO", "Giny.IO\Giny.IO.csproj", "{A1C0339A-8FFD-496E-869B-246B4E4658DB}"
EndProject
Project("{2150E333-8FDC-42A3-9474-1A3956D46DE8}") = "Zaap", "Zaap", "{908EAE1C-101A-4AE7-993C-C5B950E98A25}"
EndProject
Project("{2150E333-8FDC-42A3-9474-1A3956D46DE8}") = "Tools", "Tools", "{CA7F2AB5-A31A-4566-B256-DC137396BD24}"
EndProject
Project("{2150E333-8FDC-42A3-9474-1A3956D46DE8}") = "Modules", "Modules", "{DF8156E8-03E6-4629-BEAC-B7487522D897}"
EndProject
Project("{9A19103F-16F7-4668-BE54-9A1E7A4F7556}") = "Giny.DatabasePatcher", "Modules\Giny.DatabasePatcher\Giny.DatabasePatcher.csproj", "{9F0845C9-B71D-44A0-AD4D-ECC23ABACF54}"
EndProject
Project("{9A19103F-16F7-4668-BE54-9A1E7A4F7556}") = "Giny.DofusDrop", "Modules\Giny.DofusDrop\Giny.DofusDrop.csproj", "{FF4B2F86-7841-45B5-A194-E261008C5CAE}"
EndProject
Project("{9A19103F-16F7-4668-BE54-9A1E7A4F7556}") = "Giny.Pokefus", "Modules\Giny.Pokefus\Giny.Pokefus.csproj", "{0BFC5E7B-9419-43CE-A1D6-43607168C5EF}"
EndProject
Project("{9A19103F-16F7-4668-BE54-9A1E7A4F7556}") = "Giny.World", "Servers\Giny.World\Giny.World.csproj", "{96393619-AF48-46EF-B593-C9A79458981C}"
EndProject
Project("{9A19103F-16F7-4668-BE54-9A1E7A4F7556}") = "Giny.Auth", "Servers\Giny.Auth\Giny.Auth.csproj", "{0BA1C97E-D6F3-4324-A6DC-DF26C33593EB}"
EndProject
Project("{9A19103F-16F7-4668-BE54-9A1E7A4F7556}") = "Giny.Uplauncher", "Zaap\Giny.Uplauncher\Giny.Uplauncher.csproj", "{79F6F5A0-1FB8-4A78-93D9-68E4E41F1EC4}"
EndProject
Project("{9A19103F-16F7-4668-BE54-9A1E7A4F7556}") = "Giny.Zaap", "Zaap\Giny.Zaap\Giny.Zaap.csproj", "{A0DCD7FD-8F75-431C-9DE7-2A7AB91BA6E9}"
EndProject
Project("{9A19103F-16F7-4668-BE54-9A1E7A4F7556}") = "Giny.CraftableDrop", "Modules\Giny.CraftableDrop\Giny.CraftableDrop.csproj", "{BF19993C-AD1F-43ED-9AF8-593664D0E2FB}"
EndProject
Project("{2150E333-8FDC-42A3-9474-1A3956D46DE8}") = "Sync", "Sync", "{6E5EEED7-2FC0-4EF3-A02D-5E15D62A7CB1}"
EndProject
Project("{9A19103F-16F7-4668-BE54-9A1E7A4F7556}") = "Giny.DatabaseSynchronizer", "Sync\Giny.DatabaseSynchronizer\Giny.DatabaseSynchronizer.csproj", "{EBFA4DFF-3910-4314-A32B-BD5CB2EA56A9}"
EndProject
Project("{9A19103F-16F7-4668-BE54-9A1E7A4F7556}") = "Giny.ProtocolBuilder", "Sync\Giny.ProtocolBuilder\Giny.ProtocolBuilder.csproj", "{6D9FA426-AAED-4E5C-B9CB-5F6656E5F023}"
EndProject
Project("{9A19103F-16F7-4668-BE54-9A1E7A4F7556}") = "Giny.AS3", "Sync\Giny.AS3\Giny.AS3.csproj", "{76D77F60-D22B-436B-9629-51EB94B302B4}"
EndProject
Project("{9A19103F-16F7-4668-BE54-9A1E7A4F7556}") = "Giny.CustomEnumsBuilder", "Sync\Giny.CustomEnumsBuilder\Giny.CustomEnumsBuilder.csproj", "{FCE82FB8-8C0F-4767-9A29-8338FA08F219}"
EndProject
Project("{9A19103F-16F7-4668-BE54-9A1E7A4F7556}") = "Giny.SpellTree", "Tools\Giny.SpellTree\Giny.SpellTree.csproj", "{95196DF3-E8B4-4126-B6D6-6D77F4C4BC79}"
EndProject
Project("{9A19103F-16F7-4668-BE54-9A1E7A4F7556}") = "Giny.DungeonZaap", "Modules\Giny.DungeonZaap\Giny.DungeonZaap.csproj", "{961CCBEA-DC7B-4C74-88E7-8B636FD19360}"
EndProject
Project("{9A19103F-16F7-4668-BE54-9A1E7A4F7556}") = "Giny.SmithmagicMonsters", "Modules\Giny.SmithmagicMonsters\Giny.SmithmagicMonsters.csproj", "{20A13E03-264D-45BA-9B23-473A4F059821}"
EndProject
Project("{9A19103F-16F7-4668-BE54-9A1E7A4F7556}") = "Giny.WorldEditor", "Tools\Giny.WorldEditor\Giny.WorldEditor.csproj", "{98532CB2-28A9-488D-AD2D-867DFB47B59D}"
EndProject
Project("{9A19103F-16F7-4668-BE54-9A1E7A4F7556}") = "Giny.MapEditor", "Tools\Giny.MapEditor\Giny.MapEditor.csproj", "{AB344DB2-D092-48C0-AB2A-99B545ABC0E1}"
EndProject
Project("{2150E333-8FDC-42A3-9474-1A3956D46DE8}") = "Solution Items", "Solution Items", "{538EBB2C-273C-48D0-867E-98498BA4431F}"
	ProjectSection(SolutionItems) = preProject
		readme.md = readme.md
	EndProjectSection
EndProject
Global
	GlobalSection(SolutionConfigurationPlatforms) = preSolution
		Debug|Any CPU = Debug|Any CPU
		Release|Any CPU = Release|Any CPU
	EndGlobalSection
	GlobalSection(ProjectConfigurationPlatforms) = postSolution
		{E04A7EB4-7FCE-4D20-9A8C-305DC1006DAF}.Debug|Any CPU.ActiveCfg = Debug|Any CPU
		{E04A7EB4-7FCE-4D20-9A8C-305DC1006DAF}.Debug|Any CPU.Build.0 = Debug|Any CPU
		{E04A7EB4-7FCE-4D20-9A8C-305DC1006DAF}.Release|Any CPU.ActiveCfg = Release|Any CPU
		{E04A7EB4-7FCE-4D20-9A8C-305DC1006DAF}.Release|Any CPU.Build.0 = Release|Any CPU
		{2D2BAF38-D2DD-4DC9-B6E0-2021B3ACF19D}.Debug|Any CPU.ActiveCfg = Debug|Any CPU
		{2D2BAF38-D2DD-4DC9-B6E0-2021B3ACF19D}.Debug|Any CPU.Build.0 = Debug|Any CPU
		{2D2BAF38-D2DD-4DC9-B6E0-2021B3ACF19D}.Release|Any CPU.ActiveCfg = Release|Any CPU
		{2D2BAF38-D2DD-4DC9-B6E0-2021B3ACF19D}.Release|Any CPU.Build.0 = Release|Any CPU
		{ADA5BA74-57DB-4225-94B2-16620D40144E}.Debug|Any CPU.ActiveCfg = Debug|Any CPU
		{ADA5BA74-57DB-4225-94B2-16620D40144E}.Debug|Any CPU.Build.0 = Debug|Any CPU
		{ADA5BA74-57DB-4225-94B2-16620D40144E}.Release|Any CPU.ActiveCfg = Release|Any CPU
		{ADA5BA74-57DB-4225-94B2-16620D40144E}.Release|Any CPU.Build.0 = Release|Any CPU
		{A1C0339A-8FFD-496E-869B-246B4E4658DB}.Debug|Any CPU.ActiveCfg = Debug|Any CPU
		{A1C0339A-8FFD-496E-869B-246B4E4658DB}.Debug|Any CPU.Build.0 = Debug|Any CPU
		{A1C0339A-8FFD-496E-869B-246B4E4658DB}.Release|Any CPU.ActiveCfg = Release|Any CPU
		{A1C0339A-8FFD-496E-869B-246B4E4658DB}.Release|Any CPU.Build.0 = Release|Any CPU
		{9F0845C9-B71D-44A0-AD4D-ECC23ABACF54}.Debug|Any CPU.ActiveCfg = Debug|Any CPU
		{9F0845C9-B71D-44A0-AD4D-ECC23ABACF54}.Debug|Any CPU.Build.0 = Debug|Any CPU
		{9F0845C9-B71D-44A0-AD4D-ECC23ABACF54}.Release|Any CPU.ActiveCfg = Release|Any CPU
		{9F0845C9-B71D-44A0-AD4D-ECC23ABACF54}.Release|Any CPU.Build.0 = Release|Any CPU
		{FF4B2F86-7841-45B5-A194-E261008C5CAE}.Debug|Any CPU.ActiveCfg = Debug|Any CPU
		{FF4B2F86-7841-45B5-A194-E261008C5CAE}.Debug|Any CPU.Build.0 = Debug|Any CPU
		{FF4B2F86-7841-45B5-A194-E261008C5CAE}.Release|Any CPU.ActiveCfg = Release|Any CPU
		{FF4B2F86-7841-45B5-A194-E261008C5CAE}.Release|Any CPU.Build.0 = Release|Any CPU
		{0BFC5E7B-9419-43CE-A1D6-43607168C5EF}.Debug|Any CPU.ActiveCfg = Debug|Any CPU
		{0BFC5E7B-9419-43CE-A1D6-43607168C5EF}.Debug|Any CPU.Build.0 = Debug|Any CPU
		{0BFC5E7B-9419-43CE-A1D6-43607168C5EF}.Release|Any CPU.ActiveCfg = Release|Any CPU
		{0BFC5E7B-9419-43CE-A1D6-43607168C5EF}.Release|Any CPU.Build.0 = Release|Any CPU
		{96393619-AF48-46EF-B593-C9A79458981C}.Debug|Any CPU.ActiveCfg = Debug|Any CPU
		{96393619-AF48-46EF-B593-C9A79458981C}.Debug|Any CPU.Build.0 = Debug|Any CPU
		{96393619-AF48-46EF-B593-C9A79458981C}.Release|Any CPU.ActiveCfg = Release|Any CPU
		{96393619-AF48-46EF-B593-C9A79458981C}.Release|Any CPU.Build.0 = Release|Any CPU
		{0BA1C97E-D6F3-4324-A6DC-DF26C33593EB}.Debug|Any CPU.ActiveCfg = Debug|Any CPU
		{0BA1C97E-D6F3-4324-A6DC-DF26C33593EB}.Debug|Any CPU.Build.0 = Debug|Any CPU
		{0BA1C97E-D6F3-4324-A6DC-DF26C33593EB}.Release|Any CPU.ActiveCfg = Release|Any CPU
		{0BA1C97E-D6F3-4324-A6DC-DF26C33593EB}.Release|Any CPU.Build.0 = Release|Any CPU
		{79F6F5A0-1FB8-4A78-93D9-68E4E41F1EC4}.Debug|Any CPU.ActiveCfg = Debug|Any CPU
		{79F6F5A0-1FB8-4A78-93D9-68E4E41F1EC4}.Debug|Any CPU.Build.0 = Debug|Any CPU
		{79F6F5A0-1FB8-4A78-93D9-68E4E41F1EC4}.Release|Any CPU.ActiveCfg = Release|Any CPU
		{79F6F5A0-1FB8-4A78-93D9-68E4E41F1EC4}.Release|Any CPU.Build.0 = Release|Any CPU
		{A0DCD7FD-8F75-431C-9DE7-2A7AB91BA6E9}.Debug|Any CPU.ActiveCfg = Debug|Any CPU
		{A0DCD7FD-8F75-431C-9DE7-2A7AB91BA6E9}.Debug|Any CPU.Build.0 = Debug|Any CPU
		{A0DCD7FD-8F75-431C-9DE7-2A7AB91BA6E9}.Release|Any CPU.ActiveCfg = Release|Any CPU
		{A0DCD7FD-8F75-431C-9DE7-2A7AB91BA6E9}.Release|Any CPU.Build.0 = Release|Any CPU
		{BF19993C-AD1F-43ED-9AF8-593664D0E2FB}.Debug|Any CPU.ActiveCfg = Debug|Any CPU
		{BF19993C-AD1F-43ED-9AF8-593664D0E2FB}.Debug|Any CPU.Build.0 = Debug|Any CPU
		{BF19993C-AD1F-43ED-9AF8-593664D0E2FB}.Release|Any CPU.ActiveCfg = Release|Any CPU
		{BF19993C-AD1F-43ED-9AF8-593664D0E2FB}.Release|Any CPU.Build.0 = Release|Any CPU
		{EBFA4DFF-3910-4314-A32B-BD5CB2EA56A9}.Debug|Any CPU.ActiveCfg = Debug|Any CPU
		{EBFA4DFF-3910-4314-A32B-BD5CB2EA56A9}.Debug|Any CPU.Build.0 = Debug|Any CPU
		{EBFA4DFF-3910-4314-A32B-BD5CB2EA56A9}.Release|Any CPU.ActiveCfg = Release|Any CPU
		{EBFA4DFF-3910-4314-A32B-BD5CB2EA56A9}.Release|Any CPU.Build.0 = Release|Any CPU
		{6D9FA426-AAED-4E5C-B9CB-5F6656E5F023}.Debug|Any CPU.ActiveCfg = Debug|Any CPU
		{6D9FA426-AAED-4E5C-B9CB-5F6656E5F023}.Debug|Any CPU.Build.0 = Debug|Any CPU
		{6D9FA426-AAED-4E5C-B9CB-5F6656E5F023}.Release|Any CPU.ActiveCfg = Release|Any CPU
		{6D9FA426-AAED-4E5C-B9CB-5F6656E5F023}.Release|Any CPU.Build.0 = Release|Any CPU
		{76D77F60-D22B-436B-9629-51EB94B302B4}.Debug|Any CPU.ActiveCfg = Debug|Any CPU
		{76D77F60-D22B-436B-9629-51EB94B302B4}.Debug|Any CPU.Build.0 = Debug|Any CPU
		{76D77F60-D22B-436B-9629-51EB94B302B4}.Release|Any CPU.ActiveCfg = Release|Any CPU
		{76D77F60-D22B-436B-9629-51EB94B302B4}.Release|Any CPU.Build.0 = Release|Any CPU
		{FCE82FB8-8C0F-4767-9A29-8338FA08F219}.Debug|Any CPU.ActiveCfg = Debug|Any CPU
		{FCE82FB8-8C0F-4767-9A29-8338FA08F219}.Debug|Any CPU.Build.0 = Debug|Any CPU
		{FCE82FB8-8C0F-4767-9A29-8338FA08F219}.Release|Any CPU.ActiveCfg = Release|Any CPU
		{FCE82FB8-8C0F-4767-9A29-8338FA08F219}.Release|Any CPU.Build.0 = Release|Any CPU
		{95196DF3-E8B4-4126-B6D6-6D77F4C4BC79}.Debug|Any CPU.ActiveCfg = Debug|Any CPU
		{95196DF3-E8B4-4126-B6D6-6D77F4C4BC79}.Debug|Any CPU.Build.0 = Debug|Any CPU
		{95196DF3-E8B4-4126-B6D6-6D77F4C4BC79}.Release|Any CPU.ActiveCfg = Release|Any CPU
		{95196DF3-E8B4-4126-B6D6-6D77F4C4BC79}.Release|Any CPU.Build.0 = Release|Any CPU
		{961CCBEA-DC7B-4C74-88E7-8B636FD19360}.Debug|Any CPU.ActiveCfg = Debug|Any CPU
		{961CCBEA-DC7B-4C74-88E7-8B636FD19360}.Debug|Any CPU.Build.0 = Debug|Any CPU
		{961CCBEA-DC7B-4C74-88E7-8B636FD19360}.Release|Any CPU.ActiveCfg = Release|Any CPU
		{961CCBEA-DC7B-4C74-88E7-8B636FD19360}.Release|Any CPU.Build.0 = Release|Any CPU
		{20A13E03-264D-45BA-9B23-473A4F059821}.Debug|Any CPU.ActiveCfg = Debug|Any CPU
		{20A13E03-264D-45BA-9B23-473A4F059821}.Debug|Any CPU.Build.0 = Debug|Any CPU
		{20A13E03-264D-45BA-9B23-473A4F059821}.Release|Any CPU.ActiveCfg = Release|Any CPU
		{20A13E03-264D-45BA-9B23-473A4F059821}.Release|Any CPU.Build.0 = Release|Any CPU
		{98532CB2-28A9-488D-AD2D-867DFB47B59D}.Debug|Any CPU.ActiveCfg = Debug|Any CPU
		{98532CB2-28A9-488D-AD2D-867DFB47B59D}.Debug|Any CPU.Build.0 = Debug|Any CPU
		{98532CB2-28A9-488D-AD2D-867DFB47B59D}.Release|Any CPU.ActiveCfg = Release|Any CPU
		{98532CB2-28A9-488D-AD2D-867DFB47B59D}.Release|Any CPU.Build.0 = Release|Any CPU
		{AB344DB2-D092-48C0-AB2A-99B545ABC0E1}.Debug|Any CPU.ActiveCfg = Debug|Any CPU
		{AB344DB2-D092-48C0-AB2A-99B545ABC0E1}.Debug|Any CPU.Build.0 = Debug|Any CPU
		{AB344DB2-D092-48C0-AB2A-99B545ABC0E1}.Release|Any CPU.ActiveCfg = Release|Any CPU
		{AB344DB2-D092-48C0-AB2A-99B545ABC0E1}.Release|Any CPU.Build.0 = Release|Any CPU
	EndGlobalSection
	GlobalSection(SolutionProperties) = preSolution
		HideSolutionNode = FALSE
	EndGlobalSection
	GlobalSection(NestedProjects) = preSolution
		{9F0845C9-B71D-44A0-AD4D-ECC23ABACF54} = {DF8156E8-03E6-4629-BEAC-B7487522D897}
		{FF4B2F86-7841-45B5-A194-E261008C5CAE} = {DF8156E8-03E6-4629-BEAC-B7487522D897}
		{0BFC5E7B-9419-43CE-A1D6-43607168C5EF} = {DF8156E8-03E6-4629-BEAC-B7487522D897}
		{96393619-AF48-46EF-B593-C9A79458981C} = {7764E3CE-B37E-4C98-80BF-622A0BBBAC85}
		{0BA1C97E-D6F3-4324-A6DC-DF26C33593EB} = {7764E3CE-B37E-4C98-80BF-622A0BBBAC85}
		{79F6F5A0-1FB8-4A78-93D9-68E4E41F1EC4} = {908EAE1C-101A-4AE7-993C-C5B950E98A25}
		{A0DCD7FD-8F75-431C-9DE7-2A7AB91BA6E9} = {908EAE1C-101A-4AE7-993C-C5B950E98A25}
		{BF19993C-AD1F-43ED-9AF8-593664D0E2FB} = {DF8156E8-03E6-4629-BEAC-B7487522D897}
		{EBFA4DFF-3910-4314-A32B-BD5CB2EA56A9} = {6E5EEED7-2FC0-4EF3-A02D-5E15D62A7CB1}
		{6D9FA426-AAED-4E5C-B9CB-5F6656E5F023} = {6E5EEED7-2FC0-4EF3-A02D-5E15D62A7CB1}
		{76D77F60-D22B-436B-9629-51EB94B302B4} = {6E5EEED7-2FC0-4EF3-A02D-5E15D62A7CB1}
		{FCE82FB8-8C0F-4767-9A29-8338FA08F219} = {6E5EEED7-2FC0-4EF3-A02D-5E15D62A7CB1}
		{95196DF3-E8B4-4126-B6D6-6D77F4C4BC79} = {CA7F2AB5-A31A-4566-B256-DC137396BD24}
		{961CCBEA-DC7B-4C74-88E7-8B636FD19360} = {DF8156E8-03E6-4629-BEAC-B7487522D897}
		{20A13E03-264D-45BA-9B23-473A4F059821} = {DF8156E8-03E6-4629-BEAC-B7487522D897}
		{98532CB2-28A9-488D-AD2D-867DFB47B59D} = {CA7F2AB5-A31A-4566-B256-DC137396BD24}
		{AB344DB2-D092-48C0-AB2A-99B545ABC0E1} = {CA7F2AB5-A31A-4566-B256-DC137396BD24}
	EndGlobalSection
	GlobalSection(ExtensibilityGlobals) = postSolution
		SolutionGuid = {BA783713-0DE5-461B-B1CF-8233D6F027FE}
	EndGlobalSection
EndGlobal
